
Microsoft Visual Studio Solution File, Format Version 12.00
# Visual Studio 15
Project("{FAE04EC0-301F-11D3-BF4B-00C04F79EFBC}") = "Assembly-CSharp", "Assembly-CSharp.csproj", "{954FB324-E920-F472-0A81-98BD09318683}"
EndProject
Project("{FAE04EC0-301F-11D3-BF4B-00C04F79EFBC}") = "Assembly-CSharp-Editor", "Assembly-CSharp-Editor.csproj", "{C40C9D64-FF46-D001-6045-0AA62FA7DE10}"
EndProject
Global
	GlobalSection(SolutionConfigurationPlatforms) = preSolution
		Debug|Any CPU = Debug|Any CPU
		Release|Any CPU = Release|Any CPU
	EndGlobalSection
	GlobalSection(ProjectConfigurationPlatforms) = postSolution
		{954FB324-E920-F472-0A81-98BD09318683}.Debug|Any CPU.ActiveCfg = Debug|Any CPU
		{954FB324-E920-F472-0A81-98BD09318683}.Debug|Any CPU.Build.0 = Debug|Any CPU
		{954FB324-E920-F472-0A81-98BD09318683}.Release|Any CPU.ActiveCfg = Release|Any CPU
		{954FB324-E920-F472-0A81-98BD09318683}.Release|Any CPU.Build.0 = Release|Any CPU
		{C40C9D64-FF46-D001-6045-0AA62FA7DE10}.Debug|Any CPU.ActiveCfg = Debug|Any CPU
		{C40C9D64-FF46-D001-6045-0AA62FA7DE10}.Debug|Any CPU.Build.0 = Debug|Any CPU
		{C40C9D64-FF46-D001-6045-0AA62FA7DE10}.Release|Any CPU.ActiveCfg = Release|Any CPU
		{C40C9D64-FF46-D001-6045-0AA62FA7DE10}.Release|Any CPU.Build.0 = Release|Any CPU
	EndGlobalSection
	GlobalSection(SolutionProperties) = preSolution
		HideSolutionNode = FALSE
	EndGlobalSection
EndGlobal
